// !$*UTF8*$!
{
	archiveVersion = 1;
	classes = {
	};
	objectVersion = 46;
	objects = {

/* Begin PBXBuildFile section */
		D93B34B21AAEA069007144B0 /* AppDelegate.swift in Sources */ = {isa = PBXBuildFile; fileRef = D93B34B11AAEA069007144B0 /* AppDelegate.swift */; };
		D93B34B41AAEA069007144B0 /* ViewController.swift in Sources */ = {isa = PBXBuildFile; fileRef = D93B34B31AAEA069007144B0 /* ViewController.swift */; };
		D93B34B71AAEA069007144B0 /* Main.storyboard in Resources */ = {isa = PBXBuildFile; fileRef = D93B34B51AAEA069007144B0 /* Main.storyboard */; };
		D93B34B91AAEA069007144B0 /* Images.xcassets in Resources */ = {isa = PBXBuildFile; fileRef = D93B34B81AAEA069007144B0 /* Images.xcassets */; };
		D93B34BC1AAEA069007144B0 /* LaunchScreen.xib in Resources */ = {isa = PBXBuildFile; fileRef = D93B34BA1AAEA069007144B0 /* LaunchScreen.xib */; };
		D93B34C81AAEA069007144B0 /* LemonadeStandAppTests.swift in Sources */ = {isa = PBXBuildFile; fileRef = D93B34C71AAEA069007144B0 /* LemonadeStandAppTests.swift */; };
/* End PBXBuildFile section */

/* Begin PBXContainerItemProxy section */
		D93B34C21AAEA069007144B0 /* PBXContainerItemProxy */ = {
			isa = PBXContainerItemProxy;
			containerPortal = D93B34A41AAEA069007144B0 /* Project object */;
			proxyType = 1;
			remoteGlobalIDString = D93B34AB1AAEA069007144B0;
			remoteInfo = LemonadeStandApp;
		};
/* End PBXContainerItemProxy section */

/* Begin PBXFileReference section */
		D93B34AC1AAEA069007144B0 /* LemonadeStandApp.app */ = {isa = PBXFileReference; explicitFileType = wrapper.application; includeInIndex = 0; path = LemonadeStandApp.app; sourceTree = BUILT_PRODUCTS_DIR; };
		D93B34B01AAEA069007144B0 /* Info.plist */ = {isa = PBXFileReference; lastKnownFileType = text.plist.xml; path = Info.plist; sourceTree = "<group>"; };
		D93B34B11AAEA069007144B0 /* AppDelegate.swift */ = {isa = PBXFileReference; lastKnownFileType = sourcecode.swift; path = AppDelegate.swift; sourceTree = "<group>"; };
		D93B34B31AAEA069007144B0 /* ViewController.swift */ = {isa = PBXFileReference; lastKnownFileType = sourcecode.swift; path = ViewController.swift; sourceTree = "<group>"; };
		D93B34B61AAEA069007144B0 /* Base */ = {isa = PBXFileReference; lastKnownFileType = file.storyboard; name = Base; path = Base.lproj/Main.storyboard; sourceTree = "<group>"; };
		D93B34B81AAEA069007144B0 /* Images.xcassets */ = {isa = PBXFileReference; lastKnownFileType = folder.assetcatalog; path = Images.xcassets; sourceTree = "<group>"; };
		D93B34BB1AAEA069007144B0 /* Base */ = {isa = PBXFileReference; lastKnownFileType = file.xib; name = Base; path = Base.lproj/LaunchScreen.xib; sourceTree = "<group>"; };
		D93B34C11AAEA069007144B0 /* LemonadeStandAppTests.xctest */ = {isa = PBXFileReference; explicitFileType = wrapper.cfbundle; includeInIndex = 0; path = LemonadeStandAppTests.xctest; sourceTree = BUILT_PRODUCTS_DIR; };
		D93B34C61AAEA069007144B0 /* Info.plist */ = {isa = PBXFileReference; lastKnownFileType = text.plist.xml; path = Info.plist; sourceTree = "<group>"; };
		D93B34C71AAEA069007144B0 /* LemonadeStandAppTests.swift */ = {isa = PBXFileReference; lastKnownFileType = sourcecode.swift; path = LemonadeStandAppTests.swift; sourceTree = "<group>"; };
/* End PBXFileReference section */

/* Begin PBXFrameworksBuildPhase section */
		D93B34A91AAEA069007144B0 /* Frameworks */ = {
			isa = PBXFrameworksBuildPhase;
			buildActionMask = 2147483647;
			files = (
			);
			runOnlyForDeploymentPostprocessing = 0;
		};
		D93B34BE1AAEA069007144B0 /* Frameworks */ = {
			isa = PBXFrameworksBuildPhase;
			buildActionMask = 2147483647;
			files = (
			);
			runOnlyForDeploymentPostprocessing = 0;
		};
/* End PBXFrameworksBuildPhase section */

/* Begin PBXGroup section */
		D93B34A31AAEA069007144B0 = {
			isa = PBXGroup;
			children = (
				D93B34AE1AAEA069007144B0 /* LemonadeStandApp */,
				D93B34C41AAEA069007144B0 /* LemonadeStandAppTests */,
				D93B34AD1AAEA069007144B0 /* Products */,
			);
			sourceTree = "<group>";
		};
		D93B34AD1AAEA069007144B0 /* Products */ = {
			isa = PBXGroup;
			children = (
				D93B34AC1AAEA069007144B0 /* LemonadeStandApp.app */,
				D93B34C11AAEA069007144B0 /* LemonadeStandAppTests.xctest */,
			);
			name = Products;
			sourceTree = "<group>";
		};
		D93B34AE1AAEA069007144B0 /* LemonadeStandApp */ = {
			isa = PBXGroup;
			children = (
				D93B34B11AAEA069007144B0 /* AppDelegate.swift */,
				D93B34B31AAEA069007144B0 /* ViewController.swift */,
				D93B34B51AAEA069007144B0 /* Main.storyboard */,
				D93B34B81AAEA069007144B0 /* Images.xcassets */,
				D93B34BA1AAEA069007144B0 /* LaunchScreen.xib */,
				D93B34AF1AAEA069007144B0 /* Supporting Files */,
			);
			path = LemonadeStandApp;
			sourceTree = "<group>";
		};
		D93B34AF1AAEA069007144B0 /* Supporting Files */ = {
			isa = PBXGroup;
			children = (
				D93B34B01AAEA069007144B0 /* Info.plist */,
			);
			name = "Supporting Files";
			sourceTree = "<group>";
		};
		D93B34C41AAEA069007144B0 /* LemonadeStandAppTests */ = {
			isa = PBXGroup;
			children = (
				D93B34C71AAEA069007144B0 /* LemonadeStandAppTests.swift */,
				D93B34C51AAEA069007144B0 /* Supporting Files */,
			);
			path = LemonadeStandAppTests;
			sourceTree = "<group>";
		};
		D93B34C51AAEA069007144B0 /* Supporting Files */ = {
			isa = PBXGroup;
			children = (
				D93B34C61AAEA069007144B0 /* Info.plist */,
			);
			name = "Supporting Files";
			sourceTree = "<group>";
		};
/* End PBXGroup section */

/* Begin PBXNativeTarget section */
		D93B34AB1AAEA069007144B0 /* LemonadeStandApp */ = {
			isa = PBXNativeTarget;
			buildConfigurationList = D93B34CB1AAEA06A007144B0 /* Build configuration list for PBXNativeTarget "LemonadeStandApp" */;
			buildPhases = (
				D93B34A81AAEA069007144B0 /* Sources */,
				D93B34A91AAEA069007144B0 /* Frameworks */,
				D93B34AA1AAEA069007144B0 /* Resources */,
			);
			buildRules = (
			);
			dependencies = (
			);
			name = LemonadeStandApp;
			productName = LemonadeStandApp;
			productReference = D93B34AC1AAEA069007144B0 /* LemonadeStandApp.app */;
			productType = "com.apple.product-type.application";
		};
		D93B34C01AAEA069007144B0 /* LemonadeStandAppTests */ = {
			isa = PBXNativeTarget;
			buildConfigurationList = D93B34CE1AAEA06A007144B0 /* Build configuration list for PBXNativeTarget "LemonadeStandAppTests" */;
			buildPhases = (
				D93B34BD1AAEA069007144B0 /* Sources */,
				D93B34BE1AAEA069007144B0 /* Frameworks */,
				D93B34BF1AAEA069007144B0 /* Resources */,
			);
			buildRules = (
			);
			dependencies = (
				D93B34C31AAEA069007144B0 /* PBXTargetDependency */,
			);
			name = LemonadeStandAppTests;
			productName = LemonadeStandAppTests;
			productReference = D93B34C11AAEA069007144B0 /* LemonadeStandAppTests.xctest */;
			productType = "com.apple.product-type.bundle.unit-test";
		};
/* End PBXNativeTarget section */

/* Begin PBXProject section */
		D93B34A41AAEA069007144B0 /* Project object */ = {
			isa = PBXProject;
			attributes = {
				LastUpgradeCheck = 0610;
				ORGANIZATIONNAME = "Div-Spark Inc.";
				TargetAttributes = {
					D93B34AB1AAEA069007144B0 = {
						CreatedOnToolsVersion = 6.1.1;
					};
					D93B34C01AAEA069007144B0 = {
						CreatedOnToolsVersion = 6.1.1;
						TestTargetID = D93B34AB1AAEA069007144B0;
					};
				};
			};
			buildConfigurationList = D93B34A71AAEA069007144B0 /* Build configuration list for PBXProject "LemonadeStandApp" */;
			compatibilityVersion = "Xcode 3.2";
			developmentRegion = English;
			hasScannedForEncodings = 0;
			knownRegions = (
				en,
				Base,
			);
			mainGroup = D93B34A31AAEA069007144B0;
			productRefGroup = D93B34AD1AAEA069007144B0 /* Products */;
			projectDirPath = "";
			projectRoot = "";
			targets = (
				D93B34AB1AAEA069007144B0 /* LemonadeStandApp */,
				D93B34C01AAEA069007144B0 /* LemonadeStandAppTests */,
			);
		};
/* End PBXProject section */

/* Begin PBXResourcesBuildPhase section */
		D93B34AA1AAEA069007144B0 /* Resources */ = {
			isa = PBXResourcesBuildPhase;
			buildActionMask = 2147483647;
			files = (
				D93B34B71AAEA069007144B0 /* Main.storyboard in Resources */,
				D93B34BC1AAEA069007144B0 /* LaunchScreen.xib in Resources */,
				D93B34B91AAEA069007144B0 /* Images.xcassets in Resources */,
			);
			runOnlyForDeploymentPostprocessing = 0;
		};
		D93B34BF1AAEA069007144B0 /* Resources */ = {
			isa = PBXResourcesBuildPhase;
			buildActionMask = 2147483647;
			files = (
			);
			runOnlyForDeploymentPostprocessing = 0;
		};
/* End PBXResourcesBuildPhase section */

/* Begin PBXSourcesBuildPhase section */
		D93B34A81AAEA069007144B0 /* Sources */ = {
			isa = PBXSourcesBuildPhase;
			buildActionMask = 2147483647;
			files = (
				D93B34B41AAEA069007144B0 /* ViewController.swift in Sources */,
				D93B34B21AAEA069007144B0 /* AppDelegate.swift in Sources */,
			);
			runOnlyForDeploymentPostprocessing = 0;
		};
		D93B34BD1AAEA069007144B0 /* Sources */ = {
			isa = PBXSourcesBuildPhase;
			buildActionMask = 2147483647;
			files = (
				D93B34C81AAEA069007144B0 /* LemonadeStandAppTests.swift in Sources */,
			);
			runOnlyForDeploymentPostprocessing = 0;
		};
/* End PBXSourcesBuildPhase section */

/* Begin PBXTargetDependency section */
		D93B34C31AAEA069007144B0 /* PBXTargetDependency */ = {
			isa = PBXTargetDependency;
			target = D93B34AB1AAEA069007144B0 /* LemonadeStandApp */;
			targetProxy = D93B34C21AAEA069007144B0 /* PBXContainerItemProxy */;
		};
/* End PBXTargetDependency section */

/* Begin PBXVariantGroup section */
		D93B34B51AAEA069007144B0 /* Main.storyboard */ = {
			isa = PBXVariantGroup;
			children = (
				D93B34B61AAEA069007144B0 /* Base */,
			);
			name = Main.storyboard;
			sourceTree = "<group>";
		};
		D93B34BA1AAEA069007144B0 /* LaunchScreen.xib */ = {
			isa = PBXVariantGroup;
			children = (
				D93B34BB1AAEA069007144B0 /* Base */,
			);
			name = LaunchScreen.xib;
			sourceTree = "<group>";
		};
/* End PBXVariantGroup section */

/* Begin XCBuildConfiguration section */
		D93B34C91AAEA069007144B0 /* Debug */ = {
			isa = XCBuildConfiguration;
			buildSettings = {
				ALWAYS_SEARCH_USER_PATHS = NO;
				CLANG_CXX_LANGUAGE_STANDARD = "gnu++0x";
				CLANG_CXX_LIBRARY = "libc++";
				CLANG_ENABLE_MODULES = YES;
				CLANG_ENABLE_OBJC_ARC = YES;
				CLANG_WARN_BOOL_CONVERSION = YES;
				CLANG_WARN_CONSTANT_CONVERSION = YES;
				CLANG_WARN_DIRECT_OBJC_ISA_USAGE = YES_ERROR;
				CLANG_WARN_EMPTY_BODY = YES;
				CLANG_WARN_ENUM_CONVERSION = YES;
				CLANG_WARN_INT_CONVERSION = YES;
				CLANG_WARN_OBJC_ROOT_CLASS = YES_ERROR;
				CLANG_WARN_UNREACHABLE_CODE = YES;
				CLANG_WARN__DUPLICATE_METHOD_MATCH = YES;
				"CODE_SIGN_IDENTITY[sdk=iphoneos*]" = "iPhone Developer";
				COPY_PHASE_STRIP = NO;
				ENABLE_STRICT_OBJC_MSGSEND = YES;
				GCC_C_LANGUAGE_STANDARD = gnu99;
				GCC_DYNAMIC_NO_PIC = NO;
				GCC_OPTIMIZATION_LEVEL = 0;
				GCC_PREPROCESSOR_DEFINITIONS = (
					"DEBUG=1",
					"$(inherited)",
				);
				GCC_SYMBOLS_PRIVATE_EXTERN = NO;
				GCC_WARN_64_TO_32_BIT_CONVERSION = YES;
				GCC_WARN_ABOUT_RETURN_TYPE = YES_ERROR;
				GCC_WARN_UNDECLARED_SELECTOR = YES;
				GCC_WARN_UNINITIALIZED_AUTOS = YES_AGGRESSIVE;
				GCC_WARN_UNUSED_FUNCTION = YES;
				GCC_WARN_UNUSED_VARIABLE = YES;
				IPHONEOS_DEPLOYMENT_TARGET = 8.1;
				MTL_ENABLE_DEBUG_INFO = YES;
				ONLY_ACTIVE_ARCH = YES;
				SDKROOT = iphoneos;
				SWIFT_OPTIMIZATION_LEVEL = "-Onone";
				TARGETED_DEVICE_FAMILY = "1,2";
			};
			name = Debug;
		};
		D93B34CA1AAEA06A007144B0 /* Release */ = {
			isa = XCBuildConfiguration;
			buildSettings = {
				ALWAYS_SEARCH_USER_PATHS = NO;
				CLANG_CXX_LANGUAGE_STANDARD = "gnu++0x";
				CLANG_CXX_LIBRARY = "libc++";
				CLANG_ENABLE_MODULES = YES;
				CLANG_ENABLE_OBJC_ARC = YES;
				CLANG_WARN_BOOL_CONVERSION = YES;
				CLANG_WARN_CONSTANT_CONVERSION = YES;
				CLANG_WARN_DIRECT_OBJC_ISA_USAGE = YES_ERROR;
				CLANG_WARN_EMPTY_BODY = YES;
				CLANG_WARN_ENUM_CONVERSION = YES;
				CLANG_WARN_INT_CONVERSION = YES;
				CLANG_WARN_OBJC_ROOT_CLASS = YES_ERROR;
				CLANG_WARN_UNREACHABLE_CODE = YES;
				CLANG_WARN__DUPLICATE_METHOD_MATCH = YES;
				"CODE_SIGN_IDENTITY[sdk=iphoneos*]" = "iPhone Developer";
				COPY_PHASE_STRIP = YES;
				ENABLE_NS_ASSERTIONS = NO;
				ENABLE_STRICT_OBJC_MSGSEND = YES;
				GCC_C_LANGUAGE_STANDARD = gnu99;
				GCC_WARN_64_TO_32_BIT_CONVERSION = YES;
				GCC_WARN_ABOUT_RETURN_TYPE = YES_ERROR;
				GCC_WARN_UNDECLARED_SELECTOR = YES;
				GCC_WARN_UNINITIALIZED_AUTOS = YES_AGGRESSIVE;
				GCC_WARN_UNUSED_FUNCTION = YES;
				GCC_WARN_UNUSED_VARIABLE = YES;
				IPHONEOS_DEPLOYMENT_TARGET = 8.1;
				MTL_ENABLE_DEBUG_INFO = NO;
				SDKROOT = iphoneos;
				TARGETED_DEVICE_FAMILY = "1,2";
				VALIDATE_PRODUCT = YES;
			};
			name = Release;
		};
		D93B34CC1AAEA06A007144B0 /* Debug */ = {
			isa = XCBuildConfiguration;
			buildSettings = {
				ASSETCATALOG_COMPILER_APPICON_NAME = AppIcon;
				INFOPLIST_FILE = LemonadeStandApp/Info.plist;
				LD_RUNPATH_SEARCH_PATHS = "$(inherited) @executable_path/Frameworks";
				PRODUCT_NAME = "$(TARGET_NAME)";
			};
			name = Debug;
		};
		D93B34CD1AAEA06A007144B0 /* Release */ = {
			isa = XCBuildConfiguration;
			buildSettings = {
				ASSETCATALOG_COMPILER_APPICON_NAME = AppIcon;
				INFOPLIST_FILE = LemonadeStandApp/Info.plist;
				LD_RUNPATH_SEARCH_PATHS = "$(inherited) @executable_path/Frameworks";
				PRODUCT_NAME = "$(TARGET_NAME)";
			};
			name = Release;
		};
		D93B34CF1AAEA06A007144B0 /* Debug */ = {
			isa = XCBuildConfiguration;
			buildSettings = {
				BUNDLE_LOADER = "$(TEST_HOST)";
				FRAMEWORK_SEARCH_PATHS = (
					"$(SDKROOT)/Developer/Library/Frameworks",
					"$(inherited)",
				);
				GCC_PREPROCESSOR_DEFINITIONS = (
					"DEBUG=1",
					"$(inherited)",
				);
				INFOPLIST_FILE = LemonadeStandAppTests/Info.plist;
				LD_RUNPATH_SEARCH_PATHS = "$(inherited) @executable_path/Frameworks @loader_path/Frameworks";
				PRODUCT_NAME = "$(TARGET_NAME)";
				TEST_HOST = "$(BUILT_PRODUCTS_DIR)/LemonadeStandApp.app/LemonadeStandApp";
			};
			name = Debug;
		};
		D93B34D01AAEA06A007144B0 /* Release */ = {
			isa = XCBuildConfiguration;
			buildSettings = {
				BUNDLE_LOADER = "$(TEST_HOST)";
				FRAMEWORK_SEARCH_PATHS = (
					"$(SDKROOT)/Developer/Library/Frameworks",
					"$(inherited)",
				);
				INFOPLIST_FILE = LemonadeStandAppTests/Info.plist;
				LD_RUNPATH_SEARCH_PATHS = "$(inherited) @executable_path/Frameworks @loader_path/Frameworks";
				PRODUCT_NAME = "$(TARGET_NAME)";
				TEST_HOST = "$(BUILT_PRODUCTS_DIR)/LemonadeStandApp.app/LemonadeStandApp";
			};
			name = Release;
		};
/* End XCBuildConfiguration section */

/* Begin XCConfigurationList section */
		D93B34A71AAEA069007144B0 /* Build configuration list for PBXProject "LemonadeStandApp" */ = {
			isa = XCConfigurationList;
			buildConfigurations = (
				D93B34C91AAEA069007144B0 /* Debug */,
				D93B34CA1AAEA06A007144B0 /* Release */,
			);
			defaultConfigurationIsVisible = 0;
			defaultConfigurationName = Release;
		};
		D93B34CB1AAEA06A007144B0 /* Build configuration list for PBXNativeTarget "LemonadeStandApp" */ = {
			isa = XCConfigurationList;
			buildConfigurations = (
				D93B34CC1AAEA06A007144B0 /* Debug */,
				D93B34CD1AAEA06A007144B0 /* Release */,
			);
			defaultConfigurationIsVisible = 0;
		};
		D93B34CE1AAEA06A007144B0 /* Build configuration list for PBXNativeTarget "LemonadeStandAppTests" */ = {
			isa = XCConfigurationList;
			buildConfigurations = (
				D93B34CF1AAEA06A007144B0 /* Debug */,
				D93B34D01AAEA06A007144B0 /* Release */,
			);
			defaultConfigurationIsVisible = 0;
		};
/* End XCConfigurationList section */
	};
	rootObject = D93B34A41AAEA069007144B0 /* Project object */;
}
